
Microsoft Visual Studio Solution File, Format Version 12.00
# Visual Studio Version 17
VisualStudioVersion = 17.4.33205.214
MinimumVisualStudioVersion = 10.0.40219.1
Project("{FAE04EC0-301F-11D3-BF4B-00C04F79EFBC}") = "Server", "Server\Server.csproj", "{DDD93070-451E-47DC-88CC-8648B61BE5B8}"
EndProject
Project("{FAE04EC0-301F-11D3-BF4B-00C04F79EFBC}") = "Client_PC", "Client_PC\Client_PC.csproj", "{FFA7963B-AE5E-47EA-8DC2-935DF3331F5D}"
EndProject
Global
	GlobalSection(SolutionConfigurationPlatforms) = preSolution
		Debug|Any CPU = Debug|Any CPU
		Release|Any CPU = Release|Any CPU
	EndGlobalSection
	GlobalSection(ProjectConfigurationPlatforms) = postSolution
		{DDD93070-451E-47DC-88CC-8648B61BE5B8}.Debug|Any CPU.ActiveCfg = Debug|Any CPU
		{DDD93070-451E-47DC-88CC-8648B61BE5B8}.Debug|Any CPU.Build.0 = Debug|Any CPU
		{DDD93070-451E-47DC-88CC-8648B61BE5B8}.Release|Any CPU.ActiveCfg = Release|Any CPU
		{DDD93070-451E-47DC-88CC-8648B61BE5B8}.Release|Any CPU.Build.0 = Release|Any CPU
		{FFA7963B-AE5E-47EA-8DC2-935DF3331F5D}.Debug|Any CPU.ActiveCfg = Debug|Any CPU
		{FFA7963B-AE5E-47EA-8DC2-935DF3331F5D}.Debug|Any CPU.Build.0 = Debug|Any CPU
		{FFA7963B-AE5E-47EA-8DC2-935DF3331F5D}.Release|Any CPU.ActiveCfg = Release|Any CPU
		{FFA7963B-AE5E-47EA-8DC2-935DF3331F5D}.Release|Any CPU.Build.0 = Release|Any CPU
	EndGlobalSection
	GlobalSection(SolutionProperties) = preSolution
		HideSolutionNode = FALSE
	EndGlobalSection
	GlobalSection(ExtensibilityGlobals) = postSolution
		SolutionGuid = {2D5B4B76-1305-4EA1-B75B-F64F396CD92E}
	EndGlobalSection
EndGlobal
